
Microsoft Visual Studio Solution File, Format Version 12.00
# Visual Studio Version 16
VisualStudioVersion = 16.0.29519.181
MinimumVisualStudioVersion = 10.0.40219.1
Project("{9A19103F-16F7-4668-BE54-9A1E7A4F7556}") = "AS.OCR.Api", "AS.OCR.Api\AS.OCR.Api.csproj", "{914C1833-51E4-4463-B659-15CDEEA4CD64}"
EndProject
Project("{9A19103F-16F7-4668-BE54-9A1E7A4F7556}") = "AS.OCR.Commom", "AS.OCR.Commom\AS.OCR.Commom.csproj", "{0C3AF54E-8A36-4BF8-A829-F9BC315BE184}"
EndProject
Project("{9A19103F-16F7-4668-BE54-9A1E7A4F7556}") = "AS.OCR.Model", "AS.OCR.Model\AS.OCR.Model.csproj", "{56F540E6-A041-41D8-A221-56787736E781}"
EndProject
Project("{9A19103F-16F7-4668-BE54-9A1E7A4F7556}") = "AS.OCR.Service", "AS.OCR.Service\AS.OCR.Service.csproj", "{4378CD32-E59F-4217-815F-9AF8DF878816}"
EndProject
Project("{9A19103F-16F7-4668-BE54-9A1E7A4F7556}") = "AS.OCR.Dapper", "AS.OCR.Dapper\AS.OCR.Dapper.csproj", "{E9756D7C-DC0E-4AEA-B6ED-B3619F548D0E}"
EndProject
Project("{9A19103F-16F7-4668-BE54-9A1E7A4F7556}") = "AS.OCR.Extension.SDK", "AS.OCR.Extension.SDK\AS.OCR.Extension.SDK.csproj", "{DB2F7AC3-5498-4388-8895-550890D5FAE7}"
EndProject
Project("{9A19103F-16F7-4668-BE54-9A1E7A4F7556}") = "AS.OCR.Service.UnitTest", "AS.OCR.Service.UnitTest\AS.OCR.Service.UnitTest.csproj", "{F78187AC-D49A-4299-97AD-2B3256D20A0F}"
EndProject
Project("{2150E333-8FDC-42A3-9474-1A3956D46DE8}") = "AS.OCR.Infrastructure", "AS.OCR.Infrastructure", "{A1D222F5-071F-407F-AB4D-DF0ED387E7E9}"
EndProject
Project("{2150E333-8FDC-42A3-9474-1A3956D46DE8}") = "AS.OCR.Domain", "AS.OCR.Domain", "{D47E0623-CEE9-453F-8D39-1F8C414A22B7}"
EndProject
Project("{FAE04EC0-301F-11D3-BF4B-00C04F79EFBC}") = "AS.OCR.IService", "AS.OCR.IService\AS.OCR.IService.csproj", "{D13C139A-DAB4-411E-A5DD-4DEF9F20D133}"
EndProject
Project("{FAE04EC0-301F-11D3-BF4B-00C04F79EFBC}") = "AS.OCR.IDAO", "AS.OCR.IDAO\AS.OCR.IDAO.csproj", "{D10DCD23-2F34-4261-A38A-82F212295D55}"
EndProject
Global
	GlobalSection(SolutionConfigurationPlatforms) = preSolution
		Debug|Any CPU = Debug|Any CPU
		Release|Any CPU = Release|Any CPU
	EndGlobalSection
	GlobalSection(ProjectConfigurationPlatforms) = postSolution
		{914C1833-51E4-4463-B659-15CDEEA4CD64}.Debug|Any CPU.ActiveCfg = Debug|Any CPU
		{914C1833-51E4-4463-B659-15CDEEA4CD64}.Debug|Any CPU.Build.0 = Debug|Any CPU
		{914C1833-51E4-4463-B659-15CDEEA4CD64}.Release|Any CPU.ActiveCfg = Release|Any CPU
		{914C1833-51E4-4463-B659-15CDEEA4CD64}.Release|Any CPU.Build.0 = Release|Any CPU
		{0C3AF54E-8A36-4BF8-A829-F9BC315BE184}.Debug|Any CPU.ActiveCfg = Debug|Any CPU
		{0C3AF54E-8A36-4BF8-A829-F9BC315BE184}.Debug|Any CPU.Build.0 = Debug|Any CPU
		{0C3AF54E-8A36-4BF8-A829-F9BC315BE184}.Release|Any CPU.ActiveCfg = Release|Any CPU
		{0C3AF54E-8A36-4BF8-A829-F9BC315BE184}.Release|Any CPU.Build.0 = Release|Any CPU
		{56F540E6-A041-41D8-A221-56787736E781}.Debug|Any CPU.ActiveCfg = Debug|Any CPU
		{56F540E6-A041-41D8-A221-56787736E781}.Debug|Any CPU.Build.0 = Debug|Any CPU
		{56F540E6-A041-41D8-A221-56787736E781}.Release|Any CPU.ActiveCfg = Release|Any CPU
		{56F540E6-A041-41D8-A221-56787736E781}.Release|Any CPU.Build.0 = Release|Any CPU
		{4378CD32-E59F-4217-815F-9AF8DF878816}.Debug|Any CPU.ActiveCfg = Debug|Any CPU
		{4378CD32-E59F-4217-815F-9AF8DF878816}.Debug|Any CPU.Build.0 = Debug|Any CPU
		{4378CD32-E59F-4217-815F-9AF8DF878816}.Release|Any CPU.ActiveCfg = Release|Any CPU
		{4378CD32-E59F-4217-815F-9AF8DF878816}.Release|Any CPU.Build.0 = Release|Any CPU
		{E9756D7C-DC0E-4AEA-B6ED-B3619F548D0E}.Debug|Any CPU.ActiveCfg = Debug|Any CPU
		{E9756D7C-DC0E-4AEA-B6ED-B3619F548D0E}.Debug|Any CPU.Build.0 = Debug|Any CPU
		{E9756D7C-DC0E-4AEA-B6ED-B3619F548D0E}.Release|Any CPU.ActiveCfg = Release|Any CPU
		{E9756D7C-DC0E-4AEA-B6ED-B3619F548D0E}.Release|Any CPU.Build.0 = Release|Any CPU
		{DB2F7AC3-5498-4388-8895-550890D5FAE7}.Debug|Any CPU.ActiveCfg = Debug|Any CPU
		{DB2F7AC3-5498-4388-8895-550890D5FAE7}.Debug|Any CPU.Build.0 = Debug|Any CPU
		{DB2F7AC3-5498-4388-8895-550890D5FAE7}.Release|Any CPU.ActiveCfg = Release|Any CPU
		{DB2F7AC3-5498-4388-8895-550890D5FAE7}.Release|Any CPU.Build.0 = Release|Any CPU
		{F78187AC-D49A-4299-97AD-2B3256D20A0F}.Debug|Any CPU.ActiveCfg = Debug|Any CPU
		{F78187AC-D49A-4299-97AD-2B3256D20A0F}.Debug|Any CPU.Build.0 = Debug|Any CPU
		{F78187AC-D49A-4299-97AD-2B3256D20A0F}.Release|Any CPU.ActiveCfg = Release|Any CPU
		{F78187AC-D49A-4299-97AD-2B3256D20A0F}.Release|Any CPU.Build.0 = Release|Any CPU
		{D13C139A-DAB4-411E-A5DD-4DEF9F20D133}.Debug|Any CPU.ActiveCfg = Debug|Any CPU
		{D13C139A-DAB4-411E-A5DD-4DEF9F20D133}.Debug|Any CPU.Build.0 = Debug|Any CPU
		{D13C139A-DAB4-411E-A5DD-4DEF9F20D133}.Release|Any CPU.ActiveCfg = Release|Any CPU
		{D13C139A-DAB4-411E-A5DD-4DEF9F20D133}.Release|Any CPU.Build.0 = Release|Any CPU
		{D10DCD23-2F34-4261-A38A-82F212295D55}.Debug|Any CPU.ActiveCfg = Debug|Any CPU
		{D10DCD23-2F34-4261-A38A-82F212295D55}.Debug|Any CPU.Build.0 = Debug|Any CPU
		{D10DCD23-2F34-4261-A38A-82F212295D55}.Release|Any CPU.ActiveCfg = Release|Any CPU
		{D10DCD23-2F34-4261-A38A-82F212295D55}.Release|Any CPU.Build.0 = Release|Any CPU
	EndGlobalSection
	GlobalSection(SolutionProperties) = preSolution
		HideSolutionNode = FALSE
	EndGlobalSection
	GlobalSection(NestedProjects) = preSolution
		{0C3AF54E-8A36-4BF8-A829-F9BC315BE184} = {A1D222F5-071F-407F-AB4D-DF0ED387E7E9}
		{56F540E6-A041-41D8-A221-56787736E781} = {A1D222F5-071F-407F-AB4D-DF0ED387E7E9}
		{4378CD32-E59F-4217-815F-9AF8DF878816} = {D47E0623-CEE9-453F-8D39-1F8C414A22B7}
		{E9756D7C-DC0E-4AEA-B6ED-B3619F548D0E} = {A1D222F5-071F-407F-AB4D-DF0ED387E7E9}
		{DB2F7AC3-5498-4388-8895-550890D5FAE7} = {A1D222F5-071F-407F-AB4D-DF0ED387E7E9}
		{F78187AC-D49A-4299-97AD-2B3256D20A0F} = {D47E0623-CEE9-453F-8D39-1F8C414A22B7}
		{D13C139A-DAB4-411E-A5DD-4DEF9F20D133} = {D47E0623-CEE9-453F-8D39-1F8C414A22B7}
		{D10DCD23-2F34-4261-A38A-82F212295D55} = {A1D222F5-071F-407F-AB4D-DF0ED387E7E9}
	EndGlobalSection
	GlobalSection(ExtensibilityGlobals) = postSolution
		SolutionGuid = {A7CEABBF-CF18-4C1E-A326-9971CE65DC2E}
	EndGlobalSection
EndGlobal
